
Microsoft Visual Studio Solution File, Format Version 12.00
# Visual Studio 15
VisualStudioVersion = 15.0.26228.4
MinimumVisualStudioVersion = 10.0.40219.1
Project("{FAE04EC0-301F-11D3-BF4B-00C04F79EFBC}") = "ClientBanqueWS", "ClientBanqueWS\ClientBanqueWS.csproj", "{86150712-E9F2-4001-80E6-F9B1FDFA7159}"
EndProject
Global
	GlobalSection(SolutionConfigurationPlatforms) = preSolution
		Debug|Any CPU = Debug|Any CPU
		Release|Any CPU = Release|Any CPU
	EndGlobalSection
	GlobalSection(ProjectConfigurationPlatforms) = postSolution
		{86150712-E9F2-4001-80E6-F9B1FDFA7159}.Debug|Any CPU.ActiveCfg = Debug|Any CPU
		{86150712-E9F2-4001-80E6-F9B1FDFA7159}.Debug|Any CPU.Build.0 = Debug|Any CPU
		{86150712-E9F2-4001-80E6-F9B1FDFA7159}.Release|Any CPU.ActiveCfg = Release|Any CPU
		{86150712-E9F2-4001-80E6-F9B1FDFA7159}.Release|Any CPU.Build.0 = Release|Any CPU
	EndGlobalSection
	GlobalSection(SolutionProperties) = preSolution
		HideSolutionNode = FALSE
	EndGlobalSection
EndGlobal
